
Microsoft Visual Studio Solution File, Format Version 12.00
# Visual Studio Version 17
VisualStudioVersion = 17.0.31903.59
MinimumVisualStudioVersion = 10.0.40219.1
Project("{FAE04EC0-301F-11D3-BF4B-00C04F79EFBC}") = "IntersectUtilities", "IntersectUtilities\IntersectUtilities.csproj", "{3DBCDE07-D2C7-45A3-9BD6-5B7873A85166}"
EndProject
Project("{FAE04EC0-301F-11D3-BF4B-00C04F79EFBC}") = "Net-Reload", "Net-Reload\Net-Reload.csproj", "{C128E226-003B-4E66-8D49-B7F6CF8D7901}"
EndProject
Project("{FAE04EC0-301F-11D3-BF4B-00C04F79EFBC}") = "AutoCadUtils", "AutoCadUtils\AutoCadUtils.csproj", "{88E731A7-B0D5-4922-ACF4-2CF9778F7028}"
EndProject
Project("{FAE04EC0-301F-11D3-BF4B-00C04F79EFBC}") = "ReverseLayoutProfileLANDXML", "ReverseLayoutProfileLANDXML\ReverseLayoutProfileLANDXML.csproj", "{B1B68118-C536-4692-8CCA-E91FD45F89AA}"
EndProject
Project("{FAE04EC0-301F-11D3-BF4B-00C04F79EFBC}") = "ExportBlocksToSvg", "ExportBlocksToSvg\ExportBlocksToSvg.csproj", "{33DBF6F7-DA92-496E-985F-ED3FA39165AE}"
EndProject
Project("{FAE04EC0-301F-11D3-BF4B-00C04F79EFBC}") = "ExportShapeFiles", "ExportShapeFiles\ExportShapeFiles.csproj", "{18969DC7-12E7-48D7-BD42-6FCA06B3B03D}"
EndProject
Project("{FAE04EC0-301F-11D3-BF4B-00C04F79EFBC}") = "ExportShapeFilesBatch", "ExportShapeFilesBatch\ExportShapeFilesBatch.csproj", "{43B7D13E-A796-42C8-92CC-F2A3144D520F}"
EndProject
Project("{FAE04EC0-301F-11D3-BF4B-00C04F79EFBC}") = "ExportShapeFilesEasyGis", "ExportShapeFilesEasyGis\ExportShapeFilesEasyGis.csproj", "{774D8C82-954D-40A1-993A-62C9385FDF12}"
EndProject
Project("{FAE04EC0-301F-11D3-BF4B-00C04F79EFBC}") = "SheetCreationAutomation", "SheetCreationAutomation\SheetCreationAutomation.csproj", "{96AE4F77-001B-4C48-8ED9-590009510DE5}"
EndProject
Project("{2150E333-8FDC-42A3-9474-1A3956D46DE8}") = "Solution Items", "Solution Items", "{CCE3789B-D3E9-420D-85D5-EE143705A56D}"
	ProjectSection(SolutionItems) = preProject
		.editorconfig = .editorconfig
	EndProjectSection
EndProject
Global
	GlobalSection(SolutionConfigurationPlatforms) = preSolution
		Debug|Any CPU = Debug|Any CPU
		Release|Any CPU = Release|Any CPU
	EndGlobalSection
	GlobalSection(ProjectConfigurationPlatforms) = postSolution
		{3DBCDE07-D2C7-45A3-9BD6-5B7873A85166}.Debug|Any CPU.ActiveCfg = Debug|Any CPU
		{3DBCDE07-D2C7-45A3-9BD6-5B7873A85166}.Debug|Any CPU.Build.0 = Debug|Any CPU
		{3DBCDE07-D2C7-45A3-9BD6-5B7873A85166}.Release|Any CPU.ActiveCfg = Release|Any CPU
		{3DBCDE07-D2C7-45A3-9BD6-5B7873A85166}.Release|Any CPU.Build.0 = Release|Any CPU
		{C128E226-003B-4E66-8D49-B7F6CF8D7901}.Debug|Any CPU.ActiveCfg = Debug|Any CPU
		{C128E226-003B-4E66-8D49-B7F6CF8D7901}.Debug|Any CPU.Build.0 = Debug|Any CPU
		{C128E226-003B-4E66-8D49-B7F6CF8D7901}.Release|Any CPU.ActiveCfg = Release|Any CPU
		{C128E226-003B-4E66-8D49-B7F6CF8D7901}.Release|Any CPU.Build.0 = Release|Any CPU
		{88E731A7-B0D5-4922-ACF4-2CF9778F7028}.Debug|Any CPU.ActiveCfg = Debug|Any CPU
		{88E731A7-B0D5-4922-ACF4-2CF9778F7028}.Debug|Any CPU.Build.0 = Debug|Any CPU
		{88E731A7-B0D5-4922-ACF4-2CF9778F7028}.Release|Any CPU.ActiveCfg = Release|Any CPU
		{88E731A7-B0D5-4922-ACF4-2CF9778F7028}.Release|Any CPU.Build.0 = Release|Any CPU
		{B1B68118-C536-4692-8CCA-E91FD45F89AA}.Debug|Any CPU.ActiveCfg = Debug|Any CPU
		{B1B68118-C536-4692-8CCA-E91FD45F89AA}.Debug|Any CPU.Build.0 = Debug|Any CPU
		{B1B68118-C536-4692-8CCA-E91FD45F89AA}.Release|Any CPU.ActiveCfg = Release|Any CPU
		{B1B68118-C536-4692-8CCA-E91FD45F89AA}.Release|Any CPU.Build.0 = Release|Any CPU
		{33DBF6F7-DA92-496E-985F-ED3FA39165AE}.Debug|Any CPU.ActiveCfg = Debug|Any CPU
		{33DBF6F7-DA92-496E-985F-ED3FA39165AE}.Debug|Any CPU.Build.0 = Debug|Any CPU
		{33DBF6F7-DA92-496E-985F-ED3FA39165AE}.Release|Any CPU.ActiveCfg = Release|Any CPU
		{33DBF6F7-DA92-496E-985F-ED3FA39165AE}.Release|Any CPU.Build.0 = Release|Any CPU
		{18969DC7-12E7-48D7-BD42-6FCA06B3B03D}.Debug|Any CPU.ActiveCfg = Debug|Any CPU
		{18969DC7-12E7-48D7-BD42-6FCA06B3B03D}.Debug|Any CPU.Build.0 = Debug|Any CPU
		{18969DC7-12E7-48D7-BD42-6FCA06B3B03D}.Release|Any CPU.ActiveCfg = Release|Any CPU
		{18969DC7-12E7-48D7-BD42-6FCA06B3B03D}.Release|Any CPU.Build.0 = Release|Any CPU
		{43B7D13E-A796-42C8-92CC-F2A3144D520F}.Debug|Any CPU.ActiveCfg = Debug|Any CPU
		{43B7D13E-A796-42C8-92CC-F2A3144D520F}.Debug|Any CPU.Build.0 = Debug|Any CPU
		{43B7D13E-A796-42C8-92CC-F2A3144D520F}.Release|Any CPU.ActiveCfg = Release|Any CPU
		{43B7D13E-A796-42C8-92CC-F2A3144D520F}.Release|Any CPU.Build.0 = Release|Any CPU
		{774D8C82-954D-40A1-993A-62C9385FDF12}.Debug|Any CPU.ActiveCfg = Debug|Any CPU
		{774D8C82-954D-40A1-993A-62C9385FDF12}.Debug|Any CPU.Build.0 = Debug|Any CPU
		{774D8C82-954D-40A1-993A-62C9385FDF12}.Release|Any CPU.ActiveCfg = Release|Any CPU
		{774D8C82-954D-40A1-993A-62C9385FDF12}.Release|Any CPU.Build.0 = Release|Any CPU
		{96AE4F77-001B-4C48-8ED9-590009510DE5}.Debug|Any CPU.ActiveCfg = Debug|Any CPU
		{96AE4F77-001B-4C48-8ED9-590009510DE5}.Debug|Any CPU.Build.0 = Debug|Any CPU
		{96AE4F77-001B-4C48-8ED9-590009510DE5}.Release|Any CPU.ActiveCfg = Release|Any CPU
		{96AE4F77-001B-4C48-8ED9-590009510DE5}.Release|Any CPU.Build.0 = Release|Any CPU
	EndGlobalSection
	GlobalSection(SolutionProperties) = preSolution
		HideSolutionNode = FALSE
	EndGlobalSection
	GlobalSection(ExtensibilityGlobals) = postSolution
		SolutionGuid = {1014A3B2-D86E-49D9-937B-033DF961C446}
	EndGlobalSection
EndGlobal
