Microsoft Visual Studio Solution File, Format Version 12.00
# Visual Studio Version 17
VisualStudioVersion = 17.0.31903.59
MinimumVisualStudioVersion = 10.0.40219.1
Project("{9A19103F-16F7-4668-BE54-9A1E7A4F7556}") = "IntersectUtilities", "IntersectUtilities\IntersectUtilities.csproj", "{3DBCDE07-D2C7-45A3-9BD6-5B7873A85166}"
EndProject
Project("{9A19103F-16F7-4668-BE54-9A1E7A4F7556}") = "Net-Reload", "Net-Reload\Net-Reload.csproj", "{C128E226-003B-4E66-8D49-B7F6CF8D7901}"
EndProject
Project("{9A19103F-16F7-4668-BE54-9A1E7A4F7556}") = "AutoCadUtils", "AutoCadUtils\AutoCadUtils.csproj", "{88E731A7-B0D5-4922-ACF4-2CF9778F7028}"
EndProject
Project("{9A19103F-16F7-4668-BE54-9A1E7A4F7556}") = "ReverseLayoutProfileLANDXML", "ReverseLayoutProfileLANDXML\ReverseLayoutProfileLANDXML.csproj", "{B1B68118-C536-4692-8CCA-E91FD45F89AA}"
EndProject
Project("{9A19103F-16F7-4668-BE54-9A1E7A4F7556}") = "ExportBlocksToSvg", "ExportBlocksToSvg\ExportBlocksToSvg.csproj", "{33DBF6F7-DA92-496E-985F-ED3FA39165AE}"
EndProject
Project("{9A19103F-16F7-4668-BE54-9A1E7A4F7556}") = "ExportShapeFiles", "ExportShapeFilesEasyGis\ExportShapeFiles.csproj", "{774D8C82-954D-40A1-993A-62C9385FDF12}"
EndProject
Project("{9A19103F-16F7-4668-BE54-9A1E7A4F7556}") = "SheetCreationAutomation", "SheetCreationAutomation\SheetCreationAutomation.csproj", "{96AE4F77-001B-4C48-8ED9-590009510DE5}"
EndProject
Project("{2150E333-8FDC-42A3-9474-1A3956D46DE8}") = "Solution Items", "Solution Items", "{CCE3789B-D3E9-420D-85D5-EE143705A56D}"
	ProjectSection(SolutionItems) = preProject
		.editorconfig = .editorconfig
	EndProjectSection
EndProject
Project("{9A19103F-16F7-4668-BE54-9A1E7A4F7556}") = "AcCoreConsoleAutomation", "AcCoreConsoleAutomation\AcCoreConsoleAutomation.csproj", "{9158E3C9-51DA-4DAF-869E-57F1C9E8213D}"
EndProject
Project("{9A19103F-16F7-4668-BE54-9A1E7A4F7556}") = "AcadOverrules", "AcadOverrules\AcadOverrules.csproj", "{BB421B54-812E-4C32-868B-41FA76569772}"
EndProject
Project("{9A19103F-16F7-4668-BE54-9A1E7A4F7556}") = "LERImporter", "LERImporter\LERImporter.csproj", "{FBEE18FE-055A-4901-9D67-DC0A18588F7D}"
EndProject
Project("{9A19103F-16F7-4668-BE54-9A1E7A4F7556}") = "NSPalette", "DriPaletteSet\NSPalette.csproj", "{0F92C1BB-FADB-4DF2-8FF8-F28391C1ED3C}"
EndProject
Project("{9A19103F-16F7-4668-BE54-9A1E7A4F7556}") = "Dimensionering", "Dimensionering\Dimensionering.csproj", "{C578718C-90F5-4546-ADAC-6C9D91E02A95}"
EndProject
Project("{9A19103F-16F7-4668-BE54-9A1E7A4F7556}") = "AutoCADCommands", "AutoCADCommands\AutoCADCommands.csproj", "{C5F6C326-952B-43E8-9830-311F190BAB11}"
EndProject
Project("{9A19103F-16F7-4668-BE54-9A1E7A4F7556}") = "NSLOAD", "DRILOAD\NSLOAD.csproj", "{48B5495F-32D5-45F9-B9F8-2E133D33653F}"
EndProject
Project("{9A19103F-16F7-4668-BE54-9A1E7A4F7556}") = "NSTBL", "DRITBL\NSTBL.csproj", "{8E289862-D2B1-46B9-99CF-F13925F2D562}"
EndProject
Project("{9A19103F-16F7-4668-BE54-9A1E7A4F7556}") = "Ler2PolygonSplitting", "Ler2PolygonSplitting\Ler2PolygonSplitting.csproj", "{322E89DD-D28E-48C9-8807-3C3A593D9892}"
EndProject
Project("{9A19103F-16F7-4668-BE54-9A1E7A4F7556}") = "IsoTools", "IsoTools\IsoTools.csproj", "{4EEFE674-6288-4036-97C6-E5AE1C61278F}"
EndProject
Project("{D954291E-2A0B-460D-934E-DC6B0785DB48}") = "UtilitiesCommonSHARED", "UtilitiesCommonSHARED\UtilitiesCommonSHARED.shproj", "{DB2CDE26-A283-45D0-A170-7645CF29C507}"
EndProject
Project("{9A19103F-16F7-4668-BE54-9A1E7A4F7556}") = "NorsynHydraulicCalc", "NorsynHydraulicCalc\NorsynHydraulicCalc.csproj", "{8D53CE3B-DF1B-4B47-A1F6-DAAF7200FE21}"
EndProject
Project("{9A19103F-16F7-4668-BE54-9A1E7A4F7556}") = "NorsynHydraulicCalcTestApp", "NorsynHydraulicCalcTestApp\NorsynHydraulicCalcTestApp.csproj", "{FCB8A5CC-3880-4EBE-9EC3-BB6C88A5C9BF}"
EndProject
Project("{9A19103F-16F7-4668-BE54-9A1E7A4F7556}") = "DimensioneringV2", "DimensioneringV2\DimensioneringV2.csproj", "{E5FA3287-B46F-41BB-A860-79F03B57B411}"
EndProject
Project("{D954291E-2A0B-460D-934E-DC6B0785DB48}") = "NorsynHydraulicShared", "NorsynHydraulicShared\NorsynHydraulicShared.shproj", "{1356CF62-02FE-40E8-A35C-976077F7F8D7}"
EndProject
Project("{D954291E-2A0B-460D-934E-DC6B0785DB48}") = "AutoCADCommandsSHARED", "AutoCADCommandsSHARED\AutoCADCommandsSHARED.shproj", "{8BEE2986-B102-498F-A115-3D8B80E3A93C}"
EndProject
Project("{FAE04EC0-301F-11D3-BF4B-00C04F79EFBC}") = "DocsCreateCommandDescriptionsHtml", "DocsCreateCommandDescriptionsHtml\DocsCreateCommandDescriptionsHtml.csproj", "{3C8E81F8-A8CC-4771-81BE-3B4AE3369302}"
EndProject
Project("{FAE04EC0-301F-11D3-BF4B-00C04F79EFBC}") = "NorsynHydraulicNuget", "NorsynHydraulicNuget\NorsynHydraulicNuget.csproj", "{67E99206-B86E-43A8-AB5D-C1DC41DECBE5}"
EndProject
Project("{D954291E-2A0B-460D-934E-DC6B0785DB48}") = "FormsSHARED", "FormsSHARED\FormsSHARED.shproj", "{30B69123-15B9-4243-946E-EE2B2953244D}"
EndProject
Global
	GlobalSection(SolutionConfigurationPlatforms) = preSolution
		Debug|Any CPU = Debug|Any CPU
		Debug|x64 = Debug|x64
		Release|Any CPU = Release|Any CPU
		Release|x64 = Release|x64
	EndGlobalSection
	GlobalSection(ProjectConfigurationPlatforms) = postSolution
		{3DBCDE07-D2C7-45A3-9BD6-5B7873A85166}.Debug|Any CPU.ActiveCfg = Debug|x64
		{3DBCDE07-D2C7-45A3-9BD6-5B7873A85166}.Debug|Any CPU.Build.0 = Debug|x64
		{3DBCDE07-D2C7-45A3-9BD6-5B7873A85166}.Debug|x64.ActiveCfg = Debug|x64
		{3DBCDE07-D2C7-45A3-9BD6-5B7873A85166}.Debug|x64.Build.0 = Debug|x64
		{3DBCDE07-D2C7-45A3-9BD6-5B7873A85166}.Release|Any CPU.ActiveCfg = Release|x64
		{3DBCDE07-D2C7-45A3-9BD6-5B7873A85166}.Release|Any CPU.Build.0 = Release|x64
		{3DBCDE07-D2C7-45A3-9BD6-5B7873A85166}.Release|x64.ActiveCfg = Release|x64
		{3DBCDE07-D2C7-45A3-9BD6-5B7873A85166}.Release|x64.Build.0 = Release|x64
		{C128E226-003B-4E66-8D49-B7F6CF8D7901}.Debug|Any CPU.ActiveCfg = Debug|x64
		{C128E226-003B-4E66-8D49-B7F6CF8D7901}.Debug|Any CPU.Build.0 = Debug|x64
		{C128E226-003B-4E66-8D49-B7F6CF8D7901}.Debug|x64.ActiveCfg = Debug|x64
		{C128E226-003B-4E66-8D49-B7F6CF8D7901}.Debug|x64.Build.0 = Debug|x64
		{C128E226-003B-4E66-8D49-B7F6CF8D7901}.Release|Any CPU.ActiveCfg = Release|x64
		{C128E226-003B-4E66-8D49-B7F6CF8D7901}.Release|Any CPU.Build.0 = Release|x64
		{C128E226-003B-4E66-8D49-B7F6CF8D7901}.Release|x64.ActiveCfg = Release|x64
		{C128E226-003B-4E66-8D49-B7F6CF8D7901}.Release|x64.Build.0 = Release|x64
		{88E731A7-B0D5-4922-ACF4-2CF9778F7028}.Debug|Any CPU.ActiveCfg = Debug|x64
		{88E731A7-B0D5-4922-ACF4-2CF9778F7028}.Debug|x64.ActiveCfg = Debug|x64
		{88E731A7-B0D5-4922-ACF4-2CF9778F7028}.Debug|x64.Build.0 = Debug|x64
		{88E731A7-B0D5-4922-ACF4-2CF9778F7028}.Release|Any CPU.ActiveCfg = Release|x64
		{88E731A7-B0D5-4922-ACF4-2CF9778F7028}.Release|x64.ActiveCfg = Release|x64
		{88E731A7-B0D5-4922-ACF4-2CF9778F7028}.Release|x64.Build.0 = Release|x64
		{B1B68118-C536-4692-8CCA-E91FD45F89AA}.Debug|Any CPU.ActiveCfg = Debug|x64
		{B1B68118-C536-4692-8CCA-E91FD45F89AA}.Debug|x64.ActiveCfg = Debug|x64
		{B1B68118-C536-4692-8CCA-E91FD45F89AA}.Debug|x64.Build.0 = Debug|x64
		{B1B68118-C536-4692-8CCA-E91FD45F89AA}.Release|Any CPU.ActiveCfg = Release|x64
		{B1B68118-C536-4692-8CCA-E91FD45F89AA}.Release|x64.ActiveCfg = Release|x64
		{B1B68118-C536-4692-8CCA-E91FD45F89AA}.Release|x64.Build.0 = Release|x64
		{33DBF6F7-DA92-496E-985F-ED3FA39165AE}.Debug|Any CPU.ActiveCfg = Debug|x64
		{33DBF6F7-DA92-496E-985F-ED3FA39165AE}.Debug|x64.ActiveCfg = Debug|x64
		{33DBF6F7-DA92-496E-985F-ED3FA39165AE}.Debug|x64.Build.0 = Debug|x64
		{33DBF6F7-DA92-496E-985F-ED3FA39165AE}.Release|Any CPU.ActiveCfg = Release|x64
		{33DBF6F7-DA92-496E-985F-ED3FA39165AE}.Release|x64.ActiveCfg = Release|x64
		{33DBF6F7-DA92-496E-985F-ED3FA39165AE}.Release|x64.Build.0 = Release|x64
		{774D8C82-954D-40A1-993A-62C9385FDF12}.Debug|Any CPU.ActiveCfg = Debug|x64
		{774D8C82-954D-40A1-993A-62C9385FDF12}.Debug|Any CPU.Build.0 = Debug|x64
		{774D8C82-954D-40A1-993A-62C9385FDF12}.Debug|x64.ActiveCfg = Debug|x64
		{774D8C82-954D-40A1-993A-62C9385FDF12}.Debug|x64.Build.0 = Debug|x64
		{774D8C82-954D-40A1-993A-62C9385FDF12}.Release|Any CPU.ActiveCfg = Release|x64
		{774D8C82-954D-40A1-993A-62C9385FDF12}.Release|Any CPU.Build.0 = Release|x64
		{774D8C82-954D-40A1-993A-62C9385FDF12}.Release|x64.ActiveCfg = Release|x64
		{774D8C82-954D-40A1-993A-62C9385FDF12}.Release|x64.Build.0 = Release|x64
		{96AE4F77-001B-4C48-8ED9-590009510DE5}.Debug|Any CPU.ActiveCfg = Debug|x64
		{96AE4F77-001B-4C48-8ED9-590009510DE5}.Debug|x64.ActiveCfg = Debug|x64
		{96AE4F77-001B-4C48-8ED9-590009510DE5}.Debug|x64.Build.0 = Debug|x64
		{96AE4F77-001B-4C48-8ED9-590009510DE5}.Release|Any CPU.ActiveCfg = Release|x64
		{96AE4F77-001B-4C48-8ED9-590009510DE5}.Release|x64.ActiveCfg = Release|x64
		{96AE4F77-001B-4C48-8ED9-590009510DE5}.Release|x64.Build.0 = Release|x64
		{9158E3C9-51DA-4DAF-869E-57F1C9E8213D}.Debug|Any CPU.ActiveCfg = Debug|x64
		{9158E3C9-51DA-4DAF-869E-57F1C9E8213D}.Debug|x64.ActiveCfg = Debug|x64
		{9158E3C9-51DA-4DAF-869E-57F1C9E8213D}.Debug|x64.Build.0 = Debug|x64
		{9158E3C9-51DA-4DAF-869E-57F1C9E8213D}.Release|Any CPU.ActiveCfg = Release|x64
		{9158E3C9-51DA-4DAF-869E-57F1C9E8213D}.Release|x64.ActiveCfg = Release|x64
		{9158E3C9-51DA-4DAF-869E-57F1C9E8213D}.Release|x64.Build.0 = Release|x64
		{BB421B54-812E-4C32-868B-41FA76569772}.Debug|Any CPU.ActiveCfg = Debug|x64
		{BB421B54-812E-4C32-868B-41FA76569772}.Debug|Any CPU.Build.0 = Debug|x64
		{BB421B54-812E-4C32-868B-41FA76569772}.Debug|x64.ActiveCfg = Debug|x64
		{BB421B54-812E-4C32-868B-41FA76569772}.Debug|x64.Build.0 = Debug|x64
		{BB421B54-812E-4C32-868B-41FA76569772}.Release|Any CPU.ActiveCfg = Release|x64
		{BB421B54-812E-4C32-868B-41FA76569772}.Release|Any CPU.Build.0 = Release|x64
		{BB421B54-812E-4C32-868B-41FA76569772}.Release|x64.ActiveCfg = Release|x64
		{BB421B54-812E-4C32-868B-41FA76569772}.Release|x64.Build.0 = Release|x64
		{FBEE18FE-055A-4901-9D67-DC0A18588F7D}.Debug|Any CPU.ActiveCfg = Debug|x64
		{FBEE18FE-055A-4901-9D67-DC0A18588F7D}.Debug|Any CPU.Build.0 = Debug|x64
		{FBEE18FE-055A-4901-9D67-DC0A18588F7D}.Debug|x64.ActiveCfg = Debug|x64
		{FBEE18FE-055A-4901-9D67-DC0A18588F7D}.Debug|x64.Build.0 = Debug|x64
		{FBEE18FE-055A-4901-9D67-DC0A18588F7D}.Release|Any CPU.ActiveCfg = Release|x64
		{FBEE18FE-055A-4901-9D67-DC0A18588F7D}.Release|Any CPU.Build.0 = Release|x64
		{FBEE18FE-055A-4901-9D67-DC0A18588F7D}.Release|x64.ActiveCfg = Release|x64
		{FBEE18FE-055A-4901-9D67-DC0A18588F7D}.Release|x64.Build.0 = Release|x64
		{0F92C1BB-FADB-4DF2-8FF8-F28391C1ED3C}.Debug|Any CPU.ActiveCfg = Debug|x64
		{0F92C1BB-FADB-4DF2-8FF8-F28391C1ED3C}.Debug|Any CPU.Build.0 = Debug|x64
		{0F92C1BB-FADB-4DF2-8FF8-F28391C1ED3C}.Debug|x64.ActiveCfg = Debug|x64
		{0F92C1BB-FADB-4DF2-8FF8-F28391C1ED3C}.Debug|x64.Build.0 = Debug|x64
		{0F92C1BB-FADB-4DF2-8FF8-F28391C1ED3C}.Release|Any CPU.ActiveCfg = Release|x64
		{0F92C1BB-FADB-4DF2-8FF8-F28391C1ED3C}.Release|Any CPU.Build.0 = Release|x64
		{0F92C1BB-FADB-4DF2-8FF8-F28391C1ED3C}.Release|x64.ActiveCfg = Release|x64
		{0F92C1BB-FADB-4DF2-8FF8-F28391C1ED3C}.Release|x64.Build.0 = Release|x64
		{C578718C-90F5-4546-ADAC-6C9D91E02A95}.Debug|Any CPU.ActiveCfg = Debug|x64
		{C578718C-90F5-4546-ADAC-6C9D91E02A95}.Debug|Any CPU.Build.0 = Debug|x64
		{C578718C-90F5-4546-ADAC-6C9D91E02A95}.Debug|x64.ActiveCfg = Debug|x64
		{C578718C-90F5-4546-ADAC-6C9D91E02A95}.Debug|x64.Build.0 = Debug|x64
		{C578718C-90F5-4546-ADAC-6C9D91E02A95}.Release|Any CPU.ActiveCfg = Release|x64
		{C578718C-90F5-4546-ADAC-6C9D91E02A95}.Release|Any CPU.Build.0 = Release|x64
		{C578718C-90F5-4546-ADAC-6C9D91E02A95}.Release|x64.ActiveCfg = Release|x64
		{C578718C-90F5-4546-ADAC-6C9D91E02A95}.Release|x64.Build.0 = Release|x64
		{C5F6C326-952B-43E8-9830-311F190BAB11}.Debug|Any CPU.ActiveCfg = Debug|x64
		{C5F6C326-952B-43E8-9830-311F190BAB11}.Debug|Any CPU.Build.0 = Debug|x64
		{C5F6C326-952B-43E8-9830-311F190BAB11}.Debug|x64.ActiveCfg = Debug|x64
		{C5F6C326-952B-43E8-9830-311F190BAB11}.Debug|x64.Build.0 = Debug|x64
		{C5F6C326-952B-43E8-9830-311F190BAB11}.Release|Any CPU.ActiveCfg = Release|x64
		{C5F6C326-952B-43E8-9830-311F190BAB11}.Release|Any CPU.Build.0 = Release|x64
		{C5F6C326-952B-43E8-9830-311F190BAB11}.Release|x64.ActiveCfg = Release|x64
		{C5F6C326-952B-43E8-9830-311F190BAB11}.Release|x64.Build.0 = Release|x64
		{48B5495F-32D5-45F9-B9F8-2E133D33653F}.Debug|Any CPU.ActiveCfg = Debug|x64
		{48B5495F-32D5-45F9-B9F8-2E133D33653F}.Debug|x64.ActiveCfg = Debug|x64
		{48B5495F-32D5-45F9-B9F8-2E133D33653F}.Debug|x64.Build.0 = Debug|x64
		{48B5495F-32D5-45F9-B9F8-2E133D33653F}.Release|Any CPU.ActiveCfg = Release|x64
		{48B5495F-32D5-45F9-B9F8-2E133D33653F}.Release|x64.ActiveCfg = Release|x64
		{48B5495F-32D5-45F9-B9F8-2E133D33653F}.Release|x64.Build.0 = Release|x64
		{8E289862-D2B1-46B9-99CF-F13925F2D562}.Debug|Any CPU.ActiveCfg = Debug|x64
		{8E289862-D2B1-46B9-99CF-F13925F2D562}.Debug|Any CPU.Build.0 = Debug|x64
		{8E289862-D2B1-46B9-99CF-F13925F2D562}.Debug|x64.ActiveCfg = Debug|x64
		{8E289862-D2B1-46B9-99CF-F13925F2D562}.Debug|x64.Build.0 = Debug|x64
		{8E289862-D2B1-46B9-99CF-F13925F2D562}.Release|Any CPU.ActiveCfg = Release|x64
		{8E289862-D2B1-46B9-99CF-F13925F2D562}.Release|Any CPU.Build.0 = Release|x64
		{8E289862-D2B1-46B9-99CF-F13925F2D562}.Release|x64.ActiveCfg = Release|x64
		{8E289862-D2B1-46B9-99CF-F13925F2D562}.Release|x64.Build.0 = Release|x64
		{322E89DD-D28E-48C9-8807-3C3A593D9892}.Debug|Any CPU.ActiveCfg = Debug|x64
		{322E89DD-D28E-48C9-8807-3C3A593D9892}.Debug|x64.ActiveCfg = Debug|x64
		{322E89DD-D28E-48C9-8807-3C3A593D9892}.Debug|x64.Build.0 = Debug|x64
		{322E89DD-D28E-48C9-8807-3C3A593D9892}.Release|Any CPU.ActiveCfg = Release|x64
		{322E89DD-D28E-48C9-8807-3C3A593D9892}.Release|x64.ActiveCfg = Release|x64
		{322E89DD-D28E-48C9-8807-3C3A593D9892}.Release|x64.Build.0 = Release|x64
		{4EEFE674-6288-4036-97C6-E5AE1C61278F}.Debug|Any CPU.ActiveCfg = Debug|x64
		{4EEFE674-6288-4036-97C6-E5AE1C61278F}.Debug|x64.ActiveCfg = Debug|x64
		{4EEFE674-6288-4036-97C6-E5AE1C61278F}.Debug|x64.Build.0 = Debug|x64
		{4EEFE674-6288-4036-97C6-E5AE1C61278F}.Release|Any CPU.ActiveCfg = Release|x64
		{4EEFE674-6288-4036-97C6-E5AE1C61278F}.Release|x64.ActiveCfg = Release|x64
		{4EEFE674-6288-4036-97C6-E5AE1C61278F}.Release|x64.Build.0 = Release|x64
		{8D53CE3B-DF1B-4B47-A1F6-DAAF7200FE21}.Debug|Any CPU.ActiveCfg = Debug|x64
		{8D53CE3B-DF1B-4B47-A1F6-DAAF7200FE21}.Debug|Any CPU.Build.0 = Debug|x64
		{8D53CE3B-DF1B-4B47-A1F6-DAAF7200FE21}.Debug|x64.ActiveCfg = Debug|x64
		{8D53CE3B-DF1B-4B47-A1F6-DAAF7200FE21}.Debug|x64.Build.0 = Debug|x64
		{8D53CE3B-DF1B-4B47-A1F6-DAAF7200FE21}.Release|Any CPU.ActiveCfg = Release|x64
		{8D53CE3B-DF1B-4B47-A1F6-DAAF7200FE21}.Release|Any CPU.Build.0 = Release|x64
		{8D53CE3B-DF1B-4B47-A1F6-DAAF7200FE21}.Release|x64.ActiveCfg = Release|x64
		{8D53CE3B-DF1B-4B47-A1F6-DAAF7200FE21}.Release|x64.Build.0 = Release|x64
		{FCB8A5CC-3880-4EBE-9EC3-BB6C88A5C9BF}.Debug|Any CPU.ActiveCfg = Debug|x64
		{FCB8A5CC-3880-4EBE-9EC3-BB6C88A5C9BF}.Debug|Any CPU.Build.0 = Debug|x64
		{FCB8A5CC-3880-4EBE-9EC3-BB6C88A5C9BF}.Debug|x64.ActiveCfg = Debug|x64
		{FCB8A5CC-3880-4EBE-9EC3-BB6C88A5C9BF}.Debug|x64.Build.0 = Debug|x64
		{FCB8A5CC-3880-4EBE-9EC3-BB6C88A5C9BF}.Release|Any CPU.ActiveCfg = Release|x64
		{FCB8A5CC-3880-4EBE-9EC3-BB6C88A5C9BF}.Release|Any CPU.Build.0 = Release|x64
		{FCB8A5CC-3880-4EBE-9EC3-BB6C88A5C9BF}.Release|x64.ActiveCfg = Release|x64
		{FCB8A5CC-3880-4EBE-9EC3-BB6C88A5C9BF}.Release|x64.Build.0 = Release|x64
		{E5FA3287-B46F-41BB-A860-79F03B57B411}.Debug|Any CPU.ActiveCfg = Debug|x64
		{E5FA3287-B46F-41BB-A860-79F03B57B411}.Debug|Any CPU.Build.0 = Debug|x64
		{E5FA3287-B46F-41BB-A860-79F03B57B411}.Debug|x64.ActiveCfg = Debug|x64
		{E5FA3287-B46F-41BB-A860-79F03B57B411}.Debug|x64.Build.0 = Debug|x64
		{E5FA3287-B46F-41BB-A860-79F03B57B411}.Release|Any CPU.ActiveCfg = Release|x64
		{E5FA3287-B46F-41BB-A860-79F03B57B411}.Release|Any CPU.Build.0 = Release|x64
		{E5FA3287-B46F-41BB-A860-79F03B57B411}.Release|x64.ActiveCfg = Release|x64
		{E5FA3287-B46F-41BB-A860-79F03B57B411}.Release|x64.Build.0 = Release|x64
		{3C8E81F8-A8CC-4771-81BE-3B4AE3369302}.Debug|Any CPU.ActiveCfg = Debug|Any CPU
		{3C8E81F8-A8CC-4771-81BE-3B4AE3369302}.Debug|Any CPU.Build.0 = Debug|Any CPU
		{3C8E81F8-A8CC-4771-81BE-3B4AE3369302}.Debug|x64.ActiveCfg = Debug|Any CPU
		{3C8E81F8-A8CC-4771-81BE-3B4AE3369302}.Debug|x64.Build.0 = Debug|Any CPU
		{3C8E81F8-A8CC-4771-81BE-3B4AE3369302}.Release|Any CPU.ActiveCfg = Release|Any CPU
		{3C8E81F8-A8CC-4771-81BE-3B4AE3369302}.Release|Any CPU.Build.0 = Release|Any CPU
		{3C8E81F8-A8CC-4771-81BE-3B4AE3369302}.Release|x64.ActiveCfg = Release|Any CPU
		{3C8E81F8-A8CC-4771-81BE-3B4AE3369302}.Release|x64.Build.0 = Release|Any CPU
		{67E99206-B86E-43A8-AB5D-C1DC41DECBE5}.Debug|Any CPU.ActiveCfg = Debug|Any CPU
		{67E99206-B86E-43A8-AB5D-C1DC41DECBE5}.Debug|Any CPU.Build.0 = Debug|Any CPU
		{67E99206-B86E-43A8-AB5D-C1DC41DECBE5}.Debug|x64.ActiveCfg = Debug|Any CPU
		{67E99206-B86E-43A8-AB5D-C1DC41DECBE5}.Debug|x64.Build.0 = Debug|Any CPU
		{67E99206-B86E-43A8-AB5D-C1DC41DECBE5}.Release|Any CPU.ActiveCfg = Release|Any CPU
		{67E99206-B86E-43A8-AB5D-C1DC41DECBE5}.Release|Any CPU.Build.0 = Release|Any CPU
		{67E99206-B86E-43A8-AB5D-C1DC41DECBE5}.Release|x64.ActiveCfg = Release|Any CPU
		{67E99206-B86E-43A8-AB5D-C1DC41DECBE5}.Release|x64.Build.0 = Release|Any CPU
	EndGlobalSection
	GlobalSection(SolutionProperties) = preSolution
		HideSolutionNode = FALSE
	EndGlobalSection
	GlobalSection(ExtensibilityGlobals) = postSolution
		SolutionGuid = {1014A3B2-D86E-49D9-937B-033DF961C446}
	EndGlobalSection
	GlobalSection(SharedMSBuildProjectFiles) = preSolution
		AutoCADCommandsSHARED\AutoCADCommandsSHARED.projitems*{0f92c1bb-fadb-4df2-8ff8-f28391c1ed3c}*SharedItemsImports = 5
		FormsSHARED\FormsSHARED.projitems*{0f92c1bb-fadb-4df2-8ff8-f28391c1ed3c}*SharedItemsImports = 5
		UtilitiesCommonSHARED\UtilitiesCommonSHARED.projitems*{0f92c1bb-fadb-4df2-8ff8-f28391c1ed3c}*SharedItemsImports = 5
		NorsynHydraulicShared\NorsynHydraulicShared.projitems*{1356cf62-02fe-40e8-a35c-976077f7f8d7}*SharedItemsImports = 13
		FormsSHARED\FormsSHARED.projitems*{30b69123-15b9-4243-946e-ee2b2953244d}*SharedItemsImports = 13
		FormsSHARED\FormsSHARED.projitems*{322e89dd-d28e-48c9-8807-3c3a593d9892}*SharedItemsImports = 5
		AutoCADCommandsSHARED\AutoCADCommandsSHARED.projitems*{3dbcde07-d2c7-45a3-9bd6-5b7873a85166}*SharedItemsImports = 5
		FormsSHARED\FormsSHARED.projitems*{3dbcde07-d2c7-45a3-9bd6-5b7873a85166}*SharedItemsImports = 5
		UtilitiesCommonSHARED\UtilitiesCommonSHARED.projitems*{3dbcde07-d2c7-45a3-9bd6-5b7873a85166}*SharedItemsImports = 5
		NorsynHydraulicShared\NorsynHydraulicShared.projitems*{67e99206-b86e-43a8-ab5d-c1dc41decbe5}*SharedItemsImports = 5
		AutoCADCommandsSHARED\AutoCADCommandsSHARED.projitems*{774d8c82-954d-40a1-993a-62c9385fdf12}*SharedItemsImports = 5
		FormsSHARED\FormsSHARED.projitems*{774d8c82-954d-40a1-993a-62c9385fdf12}*SharedItemsImports = 5
		UtilitiesCommonSHARED\UtilitiesCommonSHARED.projitems*{774d8c82-954d-40a1-993a-62c9385fdf12}*SharedItemsImports = 5
		AutoCADCommandsSHARED\AutoCADCommandsSHARED.projitems*{8bee2986-b102-498f-a115-3d8b80e3a93c}*SharedItemsImports = 13
		AutoCADCommandsSHARED\AutoCADCommandsSHARED.projitems*{8e289862-d2b1-46b9-99cf-f13925f2d562}*SharedItemsImports = 5
		FormsSHARED\FormsSHARED.projitems*{8e289862-d2b1-46b9-99cf-f13925f2d562}*SharedItemsImports = 5
		UtilitiesCommonSHARED\UtilitiesCommonSHARED.projitems*{8e289862-d2b1-46b9-99cf-f13925f2d562}*SharedItemsImports = 5
		FormsSHARED\FormsSHARED.projitems*{96ae4f77-001b-4c48-8ed9-590009510de5}*SharedItemsImports = 5
		UtilitiesCommonSHARED\UtilitiesCommonSHARED.projitems*{96ae4f77-001b-4c48-8ed9-590009510de5}*SharedItemsImports = 5
		AutoCADCommandsSHARED\AutoCADCommandsSHARED.projitems*{bb421b54-812e-4c32-868b-41fa76569772}*SharedItemsImports = 5
		FormsSHARED\FormsSHARED.projitems*{bb421b54-812e-4c32-868b-41fa76569772}*SharedItemsImports = 5
		UtilitiesCommonSHARED\UtilitiesCommonSHARED.projitems*{bb421b54-812e-4c32-868b-41fa76569772}*SharedItemsImports = 5
		FormsSHARED\FormsSHARED.projitems*{c128e226-003b-4e66-8d49-b7f6cf8d7901}*SharedItemsImports = 5
		AutoCADCommandsSHARED\AutoCADCommandsSHARED.projitems*{c578718c-90f5-4546-adac-6c9d91e02a95}*SharedItemsImports = 5
		FormsSHARED\FormsSHARED.projitems*{c578718c-90f5-4546-adac-6c9d91e02a95}*SharedItemsImports = 5
		UtilitiesCommonSHARED\UtilitiesCommonSHARED.projitems*{c578718c-90f5-4546-adac-6c9d91e02a95}*SharedItemsImports = 5
		AutoCADCommandsSHARED\AutoCADCommandsSHARED.projitems*{c5f6c326-952b-43e8-9830-311f190bab11}*SharedItemsImports = 5
		UtilitiesCommonSHARED\UtilitiesCommonSHARED.projitems*{db2cde26-a283-45d0-a170-7645cf29c507}*SharedItemsImports = 13
		AutoCADCommandsSHARED\AutoCADCommandsSHARED.projitems*{e5fa3287-b46f-41bb-a860-79f03b57b411}*SharedItemsImports = 5
		FormsSHARED\FormsSHARED.projitems*{e5fa3287-b46f-41bb-a860-79f03b57b411}*SharedItemsImports = 5
		NorsynHydraulicShared\NorsynHydraulicShared.projitems*{e5fa3287-b46f-41bb-a860-79f03b57b411}*SharedItemsImports = 5
		UtilitiesCommonSHARED\UtilitiesCommonSHARED.projitems*{e5fa3287-b46f-41bb-a860-79f03b57b411}*SharedItemsImports = 5
		FormsSHARED\FormsSHARED.projitems*{fbee18fe-055a-4901-9d67-dc0a18588f7d}*SharedItemsImports = 5
		UtilitiesCommonSHARED\UtilitiesCommonSHARED.projitems*{fbee18fe-055a-4901-9d67-dc0a18588f7d}*SharedItemsImports = 5
	EndGlobalSection
EndGlobal
