Microsoft Visual Studio Solution File, Format Version 12.00
# Visual Studio Version 17
VisualStudioVersion = 17.5.2.0
MinimumVisualStudioVersion = 10.0.40219.1
Project("{FAE04EC0-301F-11D3-BF4B-00C04F79EFBC}") = "IntersectUtilities", "IntersectUtilities.csproj", "{C67822C0-5330-95D6-0B7C-0B7D6CF90CDF}"
EndProject
Global
	GlobalSection(SolutionConfigurationPlatforms) = preSolution
		Debug|Any CPU = Debug|Any CPU
		Release|Any CPU = Release|Any CPU
	EndGlobalSection
	GlobalSection(ProjectConfigurationPlatforms) = postSolution
		{C67822C0-5330-95D6-0B7C-0B7D6CF90CDF}.Debug|Any CPU.ActiveCfg = Debug|Any CPU
		{C67822C0-5330-95D6-0B7C-0B7D6CF90CDF}.Debug|Any CPU.Build.0 = Debug|Any CPU
		{C67822C0-5330-95D6-0B7C-0B7D6CF90CDF}.Release|Any CPU.ActiveCfg = Release|Any CPU
		{C67822C0-5330-95D6-0B7C-0B7D6CF90CDF}.Release|Any CPU.Build.0 = Release|Any CPU
	EndGlobalSection
	GlobalSection(SolutionProperties) = preSolution
		HideSolutionNode = FALSE
	EndGlobalSection
	GlobalSection(ExtensibilityGlobals) = postSolution
		SolutionGuid = {8FC42285-8991-403E-BC96-BA1D5A5A6265}
	EndGlobalSection
EndGlobal
